
Microsoft Visual Studio Solution File, Format Version 12.00
# Visual Studio 15
VisualStudioVersion = 15.0.27428.2037
MinimumVisualStudioVersion = 10.0.40219.1
Project("{9A19103F-16F7-4668-BE54-9A1E7A4F7556}") = "FeedForwardNet", "FeedForwardNet.csproj", "{1251693E-FCDB-4AE5-BBB3-73CCEE5DC25E}"
EndProject
Global
	GlobalSection(SolutionConfigurationPlatforms) = preSolution
		Debug|Any CPU = Debug|Any CPU
		Release|Any CPU = Release|Any CPU
	EndGlobalSection
	GlobalSection(ProjectConfigurationPlatforms) = postSolution
		{1251693E-FCDB-4AE5-BBB3-73CCEE5DC25E}.Debug|Any CPU.ActiveCfg = Debug|Any CPU
		{1251693E-FCDB-4AE5-BBB3-73CCEE5DC25E}.Debug|Any CPU.Build.0 = Debug|Any CPU
		{1251693E-FCDB-4AE5-BBB3-73CCEE5DC25E}.Release|Any CPU.ActiveCfg = Release|Any CPU
		{1251693E-FCDB-4AE5-BBB3-73CCEE5DC25E}.Release|Any CPU.Build.0 = Release|Any CPU
	EndGlobalSection
	GlobalSection(SolutionProperties) = preSolution
		HideSolutionNode = FALSE
	EndGlobalSection
	GlobalSection(ExtensibilityGlobals) = postSolution
		SolutionGuid = {6E198E11-F59D-4A69-BEAA-6A87E56FC70C}
	EndGlobalSection
EndGlobal
